// !$*UTF8*$!
{
	archiveVersion = 1;
	classes = {
	};
	objectVersion = 46;
	objects = {

/* Begin PBXBuildFile section */
		7294DFDD1E03E6F90092534F /* WebViewController.swift in Sources */ = {isa = PBXBuildFile; fileRef = 7294DFDC1E03E6F90092534F /* WebViewController.swift */; };
		7294DFDF1E03E7690092534F /* index.html in Resources */ = {isa = PBXBuildFile; fileRef = 7294DFDE1E03E7690092534F /* index.html */; };
		7294E0221E07D81E0092534F /* TextViewController.swift in Sources */ = {isa = PBXBuildFile; fileRef = 7294E0211E07D81E0092534F /* TextViewController.swift */; };
		7294E0241E0A22280092534F /* TextFieldViewController.swift in Sources */ = {isa = PBXBuildFile; fileRef = 7294E0231E0A22280092534F /* TextFieldViewController.swift */; };
		7294E02A1E0A54FD0092534F /* BaseViewController.swift in Sources */ = {isa = PBXBuildFile; fileRef = 7294E0291E0A54FD0092534F /* BaseViewController.swift */; };
		7294E02C1E0A55450092534F /* PopoverViewController.swift in Sources */ = {isa = PBXBuildFile; fileRef = 7294E02B1E0A55450092534F /* PopoverViewController.swift */; };
		7294E02E1E0A5B070092534F /* PopoverAnimator.swift in Sources */ = {isa = PBXBuildFile; fileRef = 7294E02D1E0A5B070092534F /* PopoverAnimator.swift */; };
		7294E0301E0A5D7D0092534F /* PopoverPresentationController.swift in Sources */ = {isa = PBXBuildFile; fileRef = 7294E02F1E0A5D7D0092534F /* PopoverPresentationController.swift */; };
		7294E0331E0B709A0092534F /* ZWCarouselView.swift in Sources */ = {isa = PBXBuildFile; fileRef = 7294E0321E0B709A0092534F /* ZWCarouselView.swift */; };
		7294E0351E0B70D00092534F /* CarouselBaseController.swift in Sources */ = {isa = PBXBuildFile; fileRef = 7294E0341E0B70D00092534F /* CarouselBaseController.swift */; };
		72FF20E01E1207FB00D19621 /* 2.gif in Resources */ = {isa = PBXBuildFile; fileRef = 72FF20DF1E1207FB00D19621 /* 2.gif */; };
		72FF20E41E120D1800D19621 /* Imge_Extension.swift in Sources */ = {isa = PBXBuildFile; fileRef = 72FF20E31E120D1800D19621 /* Imge_Extension.swift */; };
		F360160C1E0397FB00BF71AA /* AppDelegate.swift in Sources */ = {isa = PBXBuildFile; fileRef = F360160B1E0397FB00BF71AA /* AppDelegate.swift */; };
		F360160E1E0397FB00BF71AA /* ViewController.swift in Sources */ = {isa = PBXBuildFile; fileRef = F360160D1E0397FB00BF71AA /* ViewController.swift */; };
		F36016131E0397FB00BF71AA /* Assets.xcassets in Resources */ = {isa = PBXBuildFile; fileRef = F36016121E0397FB00BF71AA /* Assets.xcassets */; };
		F36016161E0397FB00BF71AA /* LaunchScreen.storyboard in Resources */ = {isa = PBXBuildFile; fileRef = F36016141E0397FB00BF71AA /* LaunchScreen.storyboard */; };
/* End PBXBuildFile section */

/* Begin PBXFileReference section */
		7294DFDC1E03E6F90092534F /* WebViewController.swift */ = {isa = PBXFileReference; fileEncoding = 4; lastKnownFileType = sourcecode.swift; path = WebViewController.swift; sourceTree = "<group>"; };
		7294DFDE1E03E7690092534F /* index.html */ = {isa = PBXFileReference; fileEncoding = 4; lastKnownFileType = text.html; path = index.html; sourceTree = "<group>"; };
		7294E0211E07D81E0092534F /* TextViewController.swift */ = {isa = PBXFileReference; fileEncoding = 4; lastKnownFileType = sourcecode.swift; name = TextViewController.swift; path = SwiftUIDemo/UI/TextView/TextViewController.swift; sourceTree = SOURCE_ROOT; };
		7294E0231E0A22280092534F /* TextFieldViewController.swift */ = {isa = PBXFileReference; fileEncoding = 4; lastKnownFileType = sourcecode.swift; path = TextFieldViewController.swift; sourceTree = "<group>"; };
		7294E0291E0A54FD0092534F /* BaseViewController.swift */ = {isa = PBXFileReference; fileEncoding = 4; lastKnownFileType = sourcecode.swift; path = BaseViewController.swift; sourceTree = "<group>"; };
		7294E02B1E0A55450092534F /* PopoverViewController.swift */ = {isa = PBXFileReference; fileEncoding = 4; lastKnownFileType = sourcecode.swift; path = PopoverViewController.swift; sourceTree = "<group>"; };
		7294E02D1E0A5B070092534F /* PopoverAnimator.swift */ = {isa = PBXFileReference; fileEncoding = 4; lastKnownFileType = sourcecode.swift; path = PopoverAnimator.swift; sourceTree = "<group>"; };
		7294E02F1E0A5D7D0092534F /* PopoverPresentationController.swift */ = {isa = PBXFileReference; fileEncoding = 4; lastKnownFileType = sourcecode.swift; path = PopoverPresentationController.swift; sourceTree = "<group>"; };
		7294E0321E0B709A0092534F /* ZWCarouselView.swift */ = {isa = PBXFileReference; fileEncoding = 4; lastKnownFileType = sourcecode.swift; path = ZWCarouselView.swift; sourceTree = "<group>"; };
		7294E0341E0B70D00092534F /* CarouselBaseController.swift */ = {isa = PBXFileReference; fileEncoding = 4; lastKnownFileType = sourcecode.swift; path = CarouselBaseController.swift; sourceTree = "<group>"; };
		72FF20DF1E1207FB00D19621 /* 2.gif */ = {isa = PBXFileReference; lastKnownFileType = image.gif; path = 2.gif; sourceTree = "<group>"; };
		72FF20E31E120D1800D19621 /* Imge_Extension.swift */ = {isa = PBXFileReference; fileEncoding = 4; lastKnownFileType = sourcecode.swift; path = Imge_Extension.swift; sourceTree = "<group>"; };
		F36016081E0397FB00BF71AA /* SwiftUIDemo.app */ = {isa = PBXFileReference; explicitFileType = wrapper.application; includeInIndex = 0; path = SwiftUIDemo.app; sourceTree = BUILT_PRODUCTS_DIR; };
		F360160B1E0397FB00BF71AA /* AppDelegate.swift */ = {isa = PBXFileReference; lastKnownFileType = sourcecode.swift; path = AppDelegate.swift; sourceTree = "<group>"; };
		F360160D1E0397FB00BF71AA /* ViewController.swift */ = {isa = PBXFileReference; lastKnownFileType = sourcecode.swift; path = ViewController.swift; sourceTree = "<group>"; };
		F36016121E0397FB00BF71AA /* Assets.xcassets */ = {isa = PBXFileReference; lastKnownFileType = folder.assetcatalog; path = Assets.xcassets; sourceTree = "<group>"; };
		F36016151E0397FB00BF71AA /* Base */ = {isa = PBXFileReference; lastKnownFileType = file.storyboard; name = Base; path = Base.lproj/LaunchScreen.storyboard; sourceTree = "<group>"; };
		F36016171E0397FB00BF71AA /* Info.plist */ = {isa = PBXFileReference; lastKnownFileType = text.plist.xml; path = Info.plist; sourceTree = "<group>"; };
/* End PBXFileReference section */

/* Begin PBXFrameworksBuildPhase section */
		F36016051E0397FB00BF71AA /* Frameworks */ = {
			isa = PBXFrameworksBuildPhase;
			buildActionMask = 2147483647;
			files = (
			);
			runOnlyForDeploymentPostprocessing = 0;
		};
/* End PBXFrameworksBuildPhase section */

/* Begin PBXGroup section */
		7294E0251E0A51E80092534F /* 功能 */ = {
			isa = PBXGroup;
			children = (
				7294E0311E0A7B720092534F /* 图片轮播(两个imageView) */,
				7294E0261E0A532B0092534F /* popoverVc */,
			);
			path = "功能";
			sourceTree = "<group>";
		};
		7294E0261E0A532B0092534F /* popoverVc */ = {
			isa = PBXGroup;
			children = (
				7294E0291E0A54FD0092534F /* BaseViewController.swift */,
				7294E02B1E0A55450092534F /* PopoverViewController.swift */,
				7294E02D1E0A5B070092534F /* PopoverAnimator.swift */,
				7294E02F1E0A5D7D0092534F /* PopoverPresentationController.swift */,
			);
			path = popoverVc;
			sourceTree = "<group>";
		};
		7294E0311E0A7B720092534F /* 图片轮播(两个imageView) */ = {
			isa = PBXGroup;
			children = (
				72FF20DE1E1207FB00D19621 /* image */,
				7294E0341E0B70D00092534F /* CarouselBaseController.swift */,
				7294E0321E0B709A0092534F /* ZWCarouselView.swift */,
			);
			path = "图片轮播(两个imageView)";
			sourceTree = "<group>";
		};
		72FF20DE1E1207FB00D19621 /* image */ = {
			isa = PBXGroup;
			children = (
				72FF20DF1E1207FB00D19621 /* 2.gif */,
			);
			path = image;
			sourceTree = "<group>";
		};
		72FF20E11E120A8500D19621 /* Tool */ = {
			isa = PBXGroup;
			children = (
				72FF20E21E120A8500D19621 /* gif-Image */,
			);
			path = Tool;
			sourceTree = "<group>";
		};
		72FF20E21E120A8500D19621 /* gif-Image */ = {
			isa = PBXGroup;
			children = (
				72FF20E31E120D1800D19621 /* Imge_Extension.swift */,
			);
			path = "gif-Image";
			sourceTree = "<group>";
		};
		F36015FF1E0397FB00BF71AA = {
			isa = PBXGroup;
			children = (
				F360160A1E0397FB00BF71AA /* SwiftUIDemo */,
				F36016091E0397FB00BF71AA /* Products */,
			);
			sourceTree = "<group>";
		};
		F36016091E0397FB00BF71AA /* Products */ = {
			isa = PBXGroup;
			children = (
				F36016081E0397FB00BF71AA /* SwiftUIDemo.app */,
			);
			name = Products;
			sourceTree = "<group>";
		};
		F360160A1E0397FB00BF71AA /* SwiftUIDemo */ = {
			isa = PBXGroup;
			children = (
				72FF20E11E120A8500D19621 /* Tool */,
				7294E0251E0A51E80092534F /* 功能 */,
				F360161D1E03999400BF71AA /* UI */,
				F360160B1E0397FB00BF71AA /* AppDelegate.swift */,
				F360160D1E0397FB00BF71AA /* ViewController.swift */,
				F36016121E0397FB00BF71AA /* Assets.xcassets */,
				F36016141E0397FB00BF71AA /* LaunchScreen.storyboard */,
				F36016171E0397FB00BF71AA /* Info.plist */,
			);
			path = SwiftUIDemo;
			sourceTree = "<group>";
		};
		F360161D1E03999400BF71AA /* UI */ = {
			isa = PBXGroup;
			children = (
				F360161E1E03999400BF71AA /* ActivityIndicator */,
				F360161F1E03999400BF71AA /* AlertView */,
				F36016201E03999400BF71AA /* Button */,
				F36016211E03999400BF71AA /* Calendar */,
				F36016221E03999400BF71AA /* Camera */,
				F36016231E03999400BF71AA /* HUD */,
				F36016241E03999400BF71AA /* Image */,
				F36016251E03999400BF71AA /* Keyboard */,
				F36016261E03999400BF71AA /* Label */,
				F36016271E03999400BF71AA /* Map */,
				F36016281E03999500BF71AA /* Menu */,
				F36016291E03999500BF71AA /* NavigationBar */,
				F360162A1E03999500BF71AA /* Picker */,
				F360162B1E03999500BF71AA /* Progress */,
				F360162C1E03999500BF71AA /* ScrollView */,
				F360162D1E03999500BF71AA /* Segment */,
				F360162E1E03999500BF71AA /* Slider */,
				F360162F1E03999500BF71AA /* StatusBar */,
				F36016301E03999500BF71AA /* Switch */,
				F36016311E03999500BF71AA /* TabBar */,
				F36016321E03999500BF71AA /* Table */,
				F36016331E03999500BF71AA /* TextField */,
				F36016341E03999500BF71AA /* TextView */,
				F36016351E03999500BF71AA /* WebView */,
			);
			path = UI;
			sourceTree = "<group>";
		};
		F360161E1E03999400BF71AA /* ActivityIndicator */ = {
			isa = PBXGroup;
			children = (
			);
			path = ActivityIndicator;
			sourceTree = "<group>";
		};
		F360161F1E03999400BF71AA /* AlertView */ = {
			isa = PBXGroup;
			children = (
			);
			path = AlertView;
			sourceTree = "<group>";
		};
		F36016201E03999400BF71AA /* Button */ = {
			isa = PBXGroup;
			children = (
			);
			path = Button;
			sourceTree = "<group>";
		};
		F36016211E03999400BF71AA /* Calendar */ = {
			isa = PBXGroup;
			children = (
			);
			path = Calendar;
			sourceTree = "<group>";
		};
		F36016221E03999400BF71AA /* Camera */ = {
			isa = PBXGroup;
			children = (
			);
			path = Camera;
			sourceTree = "<group>";
		};
		F36016231E03999400BF71AA /* HUD */ = {
			isa = PBXGroup;
			children = (
			);
			path = HUD;
			sourceTree = "<group>";
		};
		F36016241E03999400BF71AA /* Image */ = {
			isa = PBXGroup;
			children = (
			);
			path = Image;
			sourceTree = "<group>";
		};
		F36016251E03999400BF71AA /* Keyboard */ = {
			isa = PBXGroup;
			children = (
			);
			path = Keyboard;
			sourceTree = "<group>";
		};
		F36016261E03999400BF71AA /* Label */ = {
			isa = PBXGroup;
			children = (
			);
			path = Label;
			sourceTree = "<group>";
		};
		F36016271E03999400BF71AA /* Map */ = {
			isa = PBXGroup;
			children = (
			);
			path = Map;
			sourceTree = "<group>";
		};
		F36016281E03999500BF71AA /* Menu */ = {
			isa = PBXGroup;
			children = (
			);
			path = Menu;
			sourceTree = "<group>";
		};
		F36016291E03999500BF71AA /* NavigationBar */ = {
			isa = PBXGroup;
			children = (
			);
			path = NavigationBar;
			sourceTree = "<group>";
		};
		F360162A1E03999500BF71AA /* Picker */ = {
			isa = PBXGroup;
			children = (
			);
			path = Picker;
			sourceTree = "<group>";
		};
		F360162B1E03999500BF71AA /* Progress */ = {
			isa = PBXGroup;
			children = (
			);
			path = Progress;
			sourceTree = "<group>";
		};
		F360162C1E03999500BF71AA /* ScrollView */ = {
			isa = PBXGroup;
			children = (
			);
			path = ScrollView;
			sourceTree = "<group>";
		};
		F360162D1E03999500BF71AA /* Segment */ = {
			isa = PBXGroup;
			children = (
			);
			path = Segment;
			sourceTree = "<group>";
		};
		F360162E1E03999500BF71AA /* Slider */ = {
			isa = PBXGroup;
			children = (
			);
			path = Slider;
			sourceTree = "<group>";
		};
		F360162F1E03999500BF71AA /* StatusBar */ = {
			isa = PBXGroup;
			children = (
			);
			path = StatusBar;
			sourceTree = "<group>";
		};
		F36016301E03999500BF71AA /* Switch */ = {
			isa = PBXGroup;
			children = (
			);
			path = Switch;
			sourceTree = "<group>";
		};
		F36016311E03999500BF71AA /* TabBar */ = {
			isa = PBXGroup;
			children = (
			);
			path = TabBar;
			sourceTree = "<group>";
		};
		F36016321E03999500BF71AA /* Table */ = {
			isa = PBXGroup;
			children = (
			);
			path = Table;
			sourceTree = "<group>";
		};
		F36016331E03999500BF71AA /* TextField */ = {
			isa = PBXGroup;
			children = (
				7294E0231E0A22280092534F /* TextFieldViewController.swift */,
			);
			path = TextField;
			sourceTree = "<group>";
		};
		F36016341E03999500BF71AA /* TextView */ = {
			isa = PBXGroup;
			children = (
				7294E0211E07D81E0092534F /* TextViewController.swift */,
			);
			path = TextView;
			sourceTree = "<group>";
		};
		F36016351E03999500BF71AA /* WebView */ = {
			isa = PBXGroup;
			children = (
				7294DFDE1E03E7690092534F /* index.html */,
				7294DFDC1E03E6F90092534F /* WebViewController.swift */,
			);
			path = WebView;
			sourceTree = "<group>";
		};
/* End PBXGroup section */

/* Begin PBXNativeTarget section */
		F36016071E0397FB00BF71AA /* SwiftUIDemo */ = {
			isa = PBXNativeTarget;
			buildConfigurationList = F360161A1E0397FB00BF71AA /* Build configuration list for PBXNativeTarget "SwiftUIDemo" */;
			buildPhases = (
				F36016041E0397FB00BF71AA /* Sources */,
				F36016051E0397FB00BF71AA /* Frameworks */,
				F36016061E0397FB00BF71AA /* Resources */,
			);
			buildRules = (
			);
			dependencies = (
			);
			name = SwiftUIDemo;
			productName = SwiftUIDemo;
			productReference = F36016081E0397FB00BF71AA /* SwiftUIDemo.app */;
			productType = "com.apple.product-type.application";
		};
/* End PBXNativeTarget section */

/* Begin PBXProject section */
		F36016001E0397FB00BF71AA /* Project object */ = {
			isa = PBXProject;
			attributes = {
				LastSwiftUpdateCheck = 0810;
				LastUpgradeCheck = 0810;
				ORGANIZATIONNAME = "方圆";
				TargetAttributes = {
					F36016071E0397FB00BF71AA = {
						CreatedOnToolsVersion = 8.1;
						ProvisioningStyle = Automatic;
					};
				};
			};
			buildConfigurationList = F36016031E0397FB00BF71AA /* Build configuration list for PBXProject "SwiftUIDemo" */;
			compatibilityVersion = "Xcode 3.2";
			developmentRegion = English;
			hasScannedForEncodings = 0;
			knownRegions = (
				en,
				Base,
			);
			mainGroup = F36015FF1E0397FB00BF71AA;
			productRefGroup = F36016091E0397FB00BF71AA /* Products */;
			projectDirPath = "";
			projectRoot = "";
			targets = (
				F36016071E0397FB00BF71AA /* SwiftUIDemo */,
			);
		};
/* End PBXProject section */

/* Begin PBXResourcesBuildPhase section */
		F36016061E0397FB00BF71AA /* Resources */ = {
			isa = PBXResourcesBuildPhase;
			buildActionMask = 2147483647;
			files = (
				7294DFDF1E03E7690092534F /* index.html in Resources */,
				F36016161E0397FB00BF71AA /* LaunchScreen.storyboard in Resources */,
				F36016131E0397FB00BF71AA /* Assets.xcassets in Resources */,
				72FF20E01E1207FB00D19621 /* 2.gif in Resources */,
			);
			runOnlyForDeploymentPostprocessing = 0;
		};
/* End PBXResourcesBuildPhase section */

/* Begin PBXSourcesBuildPhase section */
		F36016041E0397FB00BF71AA /* Sources */ = {
			isa = PBXSourcesBuildPhase;
			buildActionMask = 2147483647;
			files = (
				7294E0241E0A22280092534F /* TextFieldViewController.swift in Sources */,
				7294E0351E0B70D00092534F /* CarouselBaseController.swift in Sources */,
				F360160E1E0397FB00BF71AA /* ViewController.swift in Sources */,
				7294E02C1E0A55450092534F /* PopoverViewController.swift in Sources */,
				7294DFDD1E03E6F90092534F /* WebViewController.swift in Sources */,
				72FF20E41E120D1800D19621 /* Imge_Extension.swift in Sources */,
				F360160C1E0397FB00BF71AA /* AppDelegate.swift in Sources */,
				7294E0221E07D81E0092534F /* TextViewController.swift in Sources */,
				7294E02E1E0A5B070092534F /* PopoverAnimator.swift in Sources */,
				7294E0331E0B709A0092534F /* ZWCarouselView.swift in Sources */,
				7294E02A1E0A54FD0092534F /* BaseViewController.swift in Sources */,
				7294E0301E0A5D7D0092534F /* PopoverPresentationController.swift in Sources */,
			);
			runOnlyForDeploymentPostprocessing = 0;
		};
/* End PBXSourcesBuildPhase section */

/* Begin PBXVariantGroup section */
		F36016141E0397FB00BF71AA /* LaunchScreen.storyboard */ = {
			isa = PBXVariantGroup;
			children = (
				F36016151E0397FB00BF71AA /* Base */,
			);
			name = LaunchScreen.storyboard;
			sourceTree = "<group>";
		};
/* End PBXVariantGroup section */

/* Begin XCBuildConfiguration section */
		F36016181E0397FB00BF71AA /* Debug */ = {
			isa = XCBuildConfiguration;
			buildSettings = {
				ALWAYS_SEARCH_USER_PATHS = NO;
				CLANG_ANALYZER_NONNULL = YES;
				CLANG_CXX_LANGUAGE_STANDARD = "gnu++0x";
				CLANG_CXX_LIBRARY = "libc++";
				CLANG_ENABLE_MODULES = YES;
				CLANG_ENABLE_OBJC_ARC = YES;
				CLANG_WARN_BOOL_CONVERSION = YES;
				CLANG_WARN_CONSTANT_CONVERSION = YES;
				CLANG_WARN_DIRECT_OBJC_ISA_USAGE = YES_ERROR;
				CLANG_WARN_DOCUMENTATION_COMMENTS = YES;
				CLANG_WARN_EMPTY_BODY = YES;
				CLANG_WARN_ENUM_CONVERSION = YES;
				CLANG_WARN_INFINITE_RECURSION = YES;
				CLANG_WARN_INT_CONVERSION = YES;
				CLANG_WARN_OBJC_ROOT_CLASS = YES_ERROR;
				CLANG_WARN_SUSPICIOUS_MOVES = YES;
				CLANG_WARN_UNREACHABLE_CODE = YES;
				CLANG_WARN__DUPLICATE_METHOD_MATCH = YES;
				"CODE_SIGN_IDENTITY[sdk=iphoneos*]" = "iPhone Developer";
				COPY_PHASE_STRIP = NO;
				DEBUG_INFORMATION_FORMAT = dwarf;
				ENABLE_STRICT_OBJC_MSGSEND = YES;
				ENABLE_TESTABILITY = YES;
				GCC_C_LANGUAGE_STANDARD = gnu99;
				GCC_DYNAMIC_NO_PIC = NO;
				GCC_NO_COMMON_BLOCKS = YES;
				GCC_OPTIMIZATION_LEVEL = 0;
				GCC_PREPROCESSOR_DEFINITIONS = (
					"DEBUG=1",
					"$(inherited)",
				);
				GCC_WARN_64_TO_32_BIT_CONVERSION = YES;
				GCC_WARN_ABOUT_RETURN_TYPE = YES_ERROR;
				GCC_WARN_UNDECLARED_SELECTOR = YES;
				GCC_WARN_UNINITIALIZED_AUTOS = YES_AGGRESSIVE;
				GCC_WARN_UNUSED_FUNCTION = YES;
				GCC_WARN_UNUSED_VARIABLE = YES;
				IPHONEOS_DEPLOYMENT_TARGET = 10.1;
				MTL_ENABLE_DEBUG_INFO = YES;
				ONLY_ACTIVE_ARCH = YES;
				SDKROOT = iphoneos;
				SWIFT_ACTIVE_COMPILATION_CONDITIONS = DEBUG;
				SWIFT_OPTIMIZATION_LEVEL = "-Onone";
				TARGETED_DEVICE_FAMILY = "1,2";
			};
			name = Debug;
		};
		F36016191E0397FB00BF71AA /* Release */ = {
			isa = XCBuildConfiguration;
			buildSettings = {
				ALWAYS_SEARCH_USER_PATHS = NO;
				CLANG_ANALYZER_NONNULL = YES;
				CLANG_CXX_LANGUAGE_STANDARD = "gnu++0x";
				CLANG_CXX_LIBRARY = "libc++";
				CLANG_ENABLE_MODULES = YES;
				CLANG_ENABLE_OBJC_ARC = YES;
				CLANG_WARN_BOOL_CONVERSION = YES;
				CLANG_WARN_CONSTANT_CONVERSION = YES;
				CLANG_WARN_DIRECT_OBJC_ISA_USAGE = YES_ERROR;
				CLANG_WARN_DOCUMENTATION_COMMENTS = YES;
				CLANG_WARN_EMPTY_BODY = YES;
				CLANG_WARN_ENUM_CONVERSION = YES;
				CLANG_WARN_INFINITE_RECURSION = YES;
				CLANG_WARN_INT_CONVERSION = YES;
				CLANG_WARN_OBJC_ROOT_CLASS = YES_ERROR;
				CLANG_WARN_SUSPICIOUS_MOVES = YES;
				CLANG_WARN_UNREACHABLE_CODE = YES;
				CLANG_WARN__DUPLICATE_METHOD_MATCH = YES;
				"CODE_SIGN_IDENTITY[sdk=iphoneos*]" = "iPhone Developer";
				COPY_PHASE_STRIP = NO;
				DEBUG_INFORMATION_FORMAT = "dwarf-with-dsym";
				ENABLE_NS_ASSERTIONS = NO;
				ENABLE_STRICT_OBJC_MSGSEND = YES;
				GCC_C_LANGUAGE_STANDARD = gnu99;
				GCC_NO_COMMON_BLOCKS = YES;
				GCC_WARN_64_TO_32_BIT_CONVERSION = YES;
				GCC_WARN_ABOUT_RETURN_TYPE = YES_ERROR;
				GCC_WARN_UNDECLARED_SELECTOR = YES;
				GCC_WARN_UNINITIALIZED_AUTOS = YES_AGGRESSIVE;
				GCC_WARN_UNUSED_FUNCTION = YES;
				GCC_WARN_UNUSED_VARIABLE = YES;
				IPHONEOS_DEPLOYMENT_TARGET = 10.1;
				MTL_ENABLE_DEBUG_INFO = NO;
				SDKROOT = iphoneos;
				SWIFT_OPTIMIZATION_LEVEL = "-Owholemodule";
				TARGETED_DEVICE_FAMILY = "1,2";
				VALIDATE_PRODUCT = YES;
			};
			name = Release;
		};
		F360161B1E0397FB00BF71AA /* Debug */ = {
			isa = XCBuildConfiguration;
			buildSettings = {
				ASSETCATALOG_COMPILER_APPICON_NAME = AppIcon;
				INFOPLIST_FILE = SwiftUIDemo/Info.plist;
				IPHONEOS_DEPLOYMENT_TARGET = 9.1;
				LD_RUNPATH_SEARCH_PATHS = "$(inherited) @executable_path/Frameworks";
				PRODUCT_BUNDLE_IDENTIFIER = com.fangyuan.SwiftUIDemo;
				PRODUCT_NAME = "$(TARGET_NAME)";
				SWIFT_VERSION = 3.0;
			};
			name = Debug;
		};
		F360161C1E0397FB00BF71AA /* Release */ = {
			isa = XCBuildConfiguration;
			buildSettings = {
				ASSETCATALOG_COMPILER_APPICON_NAME = AppIcon;
				INFOPLIST_FILE = SwiftUIDemo/Info.plist;
				IPHONEOS_DEPLOYMENT_TARGET = 9.1;
				LD_RUNPATH_SEARCH_PATHS = "$(inherited) @executable_path/Frameworks";
				PRODUCT_BUNDLE_IDENTIFIER = com.fangyuan.SwiftUIDemo;
				PRODUCT_NAME = "$(TARGET_NAME)";
				SWIFT_VERSION = 3.0;
			};
			name = Release;
		};
/* End XCBuildConfiguration section */

/* Begin XCConfigurationList section */
		F36016031E0397FB00BF71AA /* Build configuration list for PBXProject "SwiftUIDemo" */ = {
			isa = XCConfigurationList;
			buildConfigurations = (
				F36016181E0397FB00BF71AA /* Debug */,
				F36016191E0397FB00BF71AA /* Release */,
			);
			defaultConfigurationIsVisible = 0;
			defaultConfigurationName = Release;
		};
		F360161A1E0397FB00BF71AA /* Build configuration list for PBXNativeTarget "SwiftUIDemo" */ = {
			isa = XCConfigurationList;
			buildConfigurations = (
				F360161B1E0397FB00BF71AA /* Debug */,
				F360161C1E0397FB00BF71AA /* Release */,
			);
			defaultConfigurationIsVisible = 0;
			defaultConfigurationName = Release;
		};
/* End XCConfigurationList section */
	};
	rootObject = F36016001E0397FB00BF71AA /* Project object */;
}
